<Project xmlns="http://schemas.microsoft.com/developer/msbuild/2003">
    <PropertyGroup>
        <ProjectGuid>{7403F50C-95D7-43C6-88EB-6F755FDA198B}</ProjectGuid>
        <ProjectVersion>18.2</ProjectVersion>
        <FrameworkType>None</FrameworkType>
        <MainSource>AwZip.dpr</MainSource>
        <Base>True</Base>
        <Config Condition="'$(Config)'==''">Release</Config>
        <Platform Condition="'$(Platform)'==''">Win32</Platform>
        <TargetedPlatforms>1</TargetedPlatforms>
        <AppType>Console</AppType>
    </PropertyGroup>
    <PropertyGroup Condition="'$(Config)'=='Base' or '$(Base)'!=''">
        <Base>true</Base>
    </PropertyGroup>
    <PropertyGroup Condition="('$(Platform)'=='Android' and '$(Base)'=='true') or '$(Base_Android)'!=''">
        <Base_Android>true</Base_Android>
        <CfgParent>Base</CfgParent>
        <Base>true</Base>
    </PropertyGroup>
    <PropertyGroup Condition="('$(Platform)'=='Win32' and '$(Base)'=='true') or '$(Base_Win32)'!=''">
        <Base_Win32>true</Base_Win32>
        <CfgParent>Base</CfgParent>
        <Base>true</Base>
    </PropertyGroup>
    <PropertyGroup Condition="('$(Platform)'=='Win64' and '$(Base)'=='true') or '$(Base_Win64)'!=''">
        <Base_Win64>true</Base_Win64>
        <CfgParent>Base</CfgParent>
        <Base>true</Base>
    </PropertyGroup>
    <PropertyGroup Condition="'$(Config)'=='Debug' or '$(Cfg_1)'!=''">
        <Cfg_1>true</Cfg_1>
        <CfgParent>Base</CfgParent>
        <Base>true</Base>
    </PropertyGroup>
    <PropertyGroup Condition="('$(Platform)'=='Win32' and '$(Cfg_1)'=='true') or '$(Cfg_1_Win32)'!=''">
        <Cfg_1_Win32>true</Cfg_1_Win32>
        <CfgParent>Cfg_1</CfgParent>
        <Cfg_1>true</Cfg_1>
        <Base>true</Base>
    </PropertyGroup>
    <PropertyGroup Condition="'$(Config)'=='Release' or '$(Cfg_2)'!=''">
        <Cfg_2>true</Cfg_2>
        <CfgParent>Base</CfgParent>
        <Base>true</Base>
    </PropertyGroup>
    <PropertyGroup Condition="'$(Base)'!=''">
        <SanitizedProjectName>AwZip</SanitizedProjectName>
        <DCC_Namespace>System;Xml;Data;Datasnap;Web;Soap;$(DCC_Namespace)</DCC_Namespace>
        <DCC_DcuOutput>.\$(Platform)\$(Config)</DCC_DcuOutput>
        <DCC_ExeOutput>.\$(Platform)\$(Config)</DCC_ExeOutput>
        <DCC_E>false</DCC_E>
        <DCC_N>false</DCC_N>
        <DCC_S>false</DCC_S>
        <DCC_F>false</DCC_F>
        <DCC_K>false</DCC_K>
    </PropertyGroup>
    <PropertyGroup Condition="'$(Base_Android)'!=''">
        <Android_LauncherIcon96>$(BDS)\bin\Artwork\Android\FM_LauncherIcon_96x96.png</Android_LauncherIcon96>
        <Android_SplashImage426>$(BDS)\bin\Artwork\Android\FM_SplashImage_426x320.png</Android_SplashImage426>
        <Android_SplashImage470>$(BDS)\bin\Artwork\Android\FM_SplashImage_470x320.png</Android_SplashImage470>
        <DCC_UsePackage>DBXSqliteDriver;tethering;FireDACDBXDriver;RESTBackendComponents;bindengine;CloudService;DataSnapClient;bindcompdbx;IndyIPServer;IndySystem;fmxFireDAC;soaprtl;DbxCommonDriver;xmlrtl;DataSnapNativeClient;soapmidas;rtl;DbxClientDriver;IndyIPClient;DataSnapProviderClient;RESTComponents;DBXInterBaseDriver;emsclientfiredac;DataSnapFireDAC;bindcompfmx;FireDACIBDriver;fmx;dbexpress;IndyCore;dsnap;DataSnapCommon;emsclient;FireDACCommon;soapserver;FireDACCommonDriver;inet;IndyIPCommon;FireDAC;G115FR240;FireDACSqliteDriver;ibmonitor;ibxpress;ibxbindings;FireDACDSDriver;CustomIPTransport;bindcomp;fgx;dbxcds;RtmRxCtl240;dsnapxml;dbrtl;IndyProtocols;$(DCC_UsePackage)</DCC_UsePackage>
        <Android_SplashImage960>$(BDS)\bin\Artwork\Android\FM_SplashImage_960x720.png</Android_SplashImage960>
        <Android_LauncherIcon36>$(BDS)\bin\Artwork\Android\FM_LauncherIcon_36x36.png</Android_LauncherIcon36>
        <Android_SplashImage640>$(BDS)\bin\Artwork\Android\FM_SplashImage_640x480.png</Android_SplashImage640>
        <Android_LauncherIcon48>$(BDS)\bin\Artwork\Android\FM_LauncherIcon_48x48.png</Android_LauncherIcon48>
        <EnabledSysJars>android-support-v4.dex.jar;cloud-messaging.dex.jar;fmx.dex.jar;google-analytics-v2.dex.jar;google-play-billing.dex.jar;google-play-licensing.dex.jar;google-play-services.dex.jar</EnabledSysJars>
        <Android_LauncherIcon144>$(BDS)\bin\Artwork\Android\FM_LauncherIcon_144x144.png</Android_LauncherIcon144>
        <Android_LauncherIcon72>$(BDS)\bin\Artwork\Android\FM_LauncherIcon_72x72.png</Android_LauncherIcon72>
    </PropertyGroup>
    <PropertyGroup Condition="'$(Base_Win32)'!=''">
        <VerInfo_Locale>1033</VerInfo_Locale>
        <DCC_UsePackage>DBXSqliteDriver;dxSpreadSheetConditionalFormattingDialogsRS24;dxSkinBlueprintRS24;DBXDb2Driver;dxPSDBTeeChartRS24;dxPSdxGaugeControlLnkRS24;vquery240;vclactnband;dxSpreadSheetRS24;vclFireDAC;dxDockingRS24;fs24;tethering;dxSkinVisualStudio2013BlueRS24;dxPScxTLLnkRS24;dxBarExtItemsRS24;FireDACADSDriver;dxFireDACServerModeRS24;JvPluginSystem;dxPSTeeChartRS24;dxSkinOffice2007BlackRS24;QImport3RT_D10;DPFAndroidPackagesBerlin;FireDACMSSQLDriver;vcltouch;JvBands;vcldb;Intraweb;svn;dxSkinXmas2008BlueRS24;dxSkinscxSchedulerPainterRS24;JvJans;dxSkinsdxBarPainterRS24;dxSkinOffice2010BlackRS24;dxADOServerModeRS24;dacfmx240;JvDotNetCtrls;dxGDIPlusRS24;dxPSdxDBTVLnkRS24;frx24;vclib;dbisamr;dxSkinLilianRS24;AwaraSMCreaderRS24;crcontrols240;frxDBX24;FireDACDBXDriver;tmsexdXE10;ibo5crt_d10_1;dxNavBarRS24;vclx;cxTreeListRS24;gtPDFkitD101ProP;dxSkinDevExpressDarkStyleRS24;dxtrmdRS24;PKIECtrl24;RESTBackendComponents;dxRibbonRS24;VCLRESTComponents;cxExportRS24;cxPivotGridChartRS24;cxTreeListdxBarPopupMenuRS24;dxSkinOffice2013LightGrayRS24;FMXTeeImport924;dxTabbedMDIRS24;vclie;dxSkinVisualStudio2013LightRS24;bindengine;CloudService;JvHMI;FireDACMySQLDriver;fsDB24;cxPivotGridOLAPRS24;dxSkinSharpRS24;dxSkinBlackRS24;DataSnapClient;frxcs24;dxPSLnksRS24;bindcompdbx;dxSkinCoffeeRS24;DBXSybaseASEDriver;IndyIPServer;DataSetRESTRequestAdapterPackage;dxSkinsdxRibbonPainterRS24;dxCoreRS24;IndySystem;fsIBX24;FMXfsTee24;tmsxlsdXE10;dxSkinOffice2013DarkGrayRS24;dsnapcon;VirtualTreesR;FireDACMSAccDriver;FireDACInfxDriver;fmxFireDAC;vclimg;Jcl;BCEditor.Delphi.Berlin.Runtime;emshosting;dxBarDBNavRS24;dxSkinDarkSideRS24;FMXfrx24;BCComponents.Delphi.Berlin.Designtime;dxSkinOffice2013WhiteRS24;DBXOdbcDriver;FireDACTDataDriver;dxPSdxLCLnkRS24;dxPScxExtCommonRS24;dxPScxPivotGridLnkRS24;soaprtl;DbxCommonDriver;ipstudiowinclient;JvManagedThreads;xmlrtl;DataSnapNativeClient;soapmidas;fmxobj;dxSkinMcSkinRS24;JvTimeFramework;rtl;dxLayoutControlRS24;DbxClientDriver;cxGridRS24;DBXSybaseASADriver;dxSkinBlueRS24;dxSpellCheckerRS24;JvSystem;cxLibraryRS24;dxSkinStardustRS24;JvStdCtrls;dxSkinCaramelRS24;ipstudiowin;appanalytics;dxSkinsCoreRS24;dxDBXServerModeRS24;fsTee24;dxMapControlRS24;IndyIPClient;dxSkinHighContrastRS24;ibo5trt_d10_1;bindcompvcl;dxPSdxMapControlLnkRS24;dxSkinTheAsphaltWorldRS24;cxPageControlRS24;frxe24;dxPsPrVwAdvRS24;cxEditorsRS24;dxSkinSevenClassicRS24;JvDocking;VclSmp;cxSchedulerRibbonStyleEventEditorRS24;JvPascalInterpreter;FireDACODBCDriver;ibo5wrt_d10_1;dxSkinPumpkinRS24;DataSnapIndy10ServerTransport;JclVcl;FMXTeePro924;dxSkinscxPCPainterRS24;dxPSPrVwRibbonRS24;DataSnapProviderClient;FireDACMongoDBDriver;dxSkinSevenRS24;FMXfrxe24;FMXfsDB24;JvControls;JvPrintPreview;dxdborRS24;dxmdsRS24;DataSnapServerMidas;RESTComponents;cxSchedulerGridRS24;dxHttpIndyRequestRS24;cxPivotGridRS24;DBXInterBaseDriver;RtmRxDB240;GR32_DSGN_Berlin;emsclientfiredac;DataSnapFireDAC;svnui;JvGlobus;dxdbtrRS24;dxSkinMetropolisRS24;dxSkinMoneyTwinsRS24;dxPScxPCProdRS24;DBXMSSQLDriver;JvMM;DatasnapConnectorsFreePascal;dxWizardControlRS24;unidacfmx240;FMXTee924;bindcompfmx;dxPSdxOCLnkRS24;dxBarExtDBItemsRS24;DBXOracleDriver;dxPSdxFCLnkRS24;unidacvcl240;inetdb;cxSchedulerTreeBrowserRS24;dxSkinOffice2016ColorfulRS24;FMXfrxDB24;JvAppFrm;JvNet;frxADO24;ibo5ftsrt_d10_1;ibo5admrt_d10_1;ipstudiowinwordxp;emsedge;AbbreviaVCLD;FireDACIBDriver;fmx;fmxdae;dxSkinSpringTimeRS24;dxSkinValentineRS24;dxSkinLondonLiquidSkyRS24;unidac240;dxSkinWhiteprintRS24;ibo5frt_d10_1;JvWizards;dbexpress;IndyCore;dxSkiniMaginaryRS24;dxTileControlRS24;dxSkinOffice2016DarkRS24;dsnap;DataSnapCommon;emsclient;cxDataRS24;FireDACCommon;dxSkinOffice2007PinkRS24;dxPSdxSpreadSheetLnkRS24;FMXfs24;Package1;JvDB;JvPageComps;bdertl;DataSnapConnectors;fsADO24;ibo5wxrt_d10_1;dxSkinDevExpressStyleRS24;GR32_RSBerlin;soapserver;ibo5art_d10_1;dac240;JclDeveloperTools;dxBarRS24;FMXfrxTee24;dxSkinMetropolisDarkRS24;FireDACOracleDriver;DBXMySQLDriver;PKIEDB24;JvCmp;dxPSRichEditControlLnkRS24;DBXFirebirdDriver;SMImportXE101;dxPScxCommonRS24;CPortLibDXE;FireDACCommonODBC;FireDACCommonDriver;FMXTeeLanguage924;inet;IndyIPCommon;dxSkinVS2010RS24;JvCustom;ibo5xrt_d10_1;vcl;dxSkinSharpPlusRS24;JvXPCtrls;dxPSdxDBOCLnkRS24;FireDACDb2Driver;dxThemeRS24;acntDX10Berlin_R;dxSkinOffice2007GreenRS24;AwaraShapeRS22;ibo5rplrt_d10_1;TeeDB;FireDAC;dxPScxGridLnkRS24;dxPScxVGridLnkRS24;JvCore;G115FR240;ibo5vrt_d10_1;JvCrypt;FireDACSqliteDriver;FireDACPgDriver;ibmonitor;FireDACASADriver;dxSkinOffice2010BlueRS24;dxServerModeRS24;JvDlgs;JvRuntimeDesign;ibxpress;Tee;dacvcl240;DataSnapServer;ibxbindings;cxSchedulerRS24;FireDACDSDriver;vclwinx;dxSkinsdxDLPainterRS24;dxPSCoreRS24;dxSkinOffice2007BlueRS24;FMXTree24;BCComponents.Delphi.Berlin.Runtime;G115_R240;CustomIPTransport;vcldsnap;dxSkinGlassOceansRS24;dxRibbonCustomizationFormRS24;dxPScxSchedulerLnkRS24;frxIBX24;dxSkinSummer2008RS24;dxSkinDarkRoomRS24;bindcomp;dxSkinFoggyRS24;fgx;DBXInformixDriver;dxorgcRS24;tmswizdXE10;FmxTeeUI924;dxSkinOffice2010SilverRS24;FMXTeeDB924;officeXPrt;dxRichEditControlRS24;dxSkinsdxNavBarPainterRS24;dbxcds;RtmRxCtl240;adortl;dxSkinSilverRS24;dxSkinVisualStudio2013DarkRS24;dxComnRS24;cxVerticalGridRS24;dxFlowChartRS24;frxDB24;dsnapxml;dbrtl;IndyProtocols;inetdbxpress;dxGaugeControlRS24;dxSkinOffice2007SilverRS24;dxSkinLiquidSkyRS24;JclContainers;tmsdXE10;fmxase;$(DCC_UsePackage)</DCC_UsePackage>
        <UWP_DelphiLogo44>$(BDS)\bin\Artwork\Windows\UWP\delphi_UwpDefault_44.png</UWP_DelphiLogo44>
        <DCC_Namespace>Winapi;System.Win;Data.Win;Datasnap.Win;Web.Win;Soap.Win;Xml.Win;Bde;$(DCC_Namespace)</DCC_Namespace>
        <VerInfo_Keys>CompanyName=;FileDescription=$(MSBuildProjectName);FileVersion=1.0.0.0;InternalName=;LegalCopyright=;LegalTrademarks=;OriginalFilename=;ProgramID=com.embarcadero.$(MSBuildProjectName);ProductName=$(MSBuildProjectName);ProductVersion=1.0.0.0;Comments=</VerInfo_Keys>
        <UWP_DelphiLogo150>$(BDS)\bin\Artwork\Windows\UWP\delphi_UwpDefault_150.png</UWP_DelphiLogo150>
        <DCC_ConsoleTarget>true</DCC_ConsoleTarget>
        <BT_BuildType>Debug</BT_BuildType>
    </PropertyGroup>
    <PropertyGroup Condition="'$(Base_Win64)'!=''">
        <DCC_UsePackage>DBXSqliteDriver;dxSpreadSheetConditionalFormattingDialogsRS24;dxSkinBlueprintRS24;DBXDb2Driver;dxPSDBTeeChartRS24;dxPSdxGaugeControlLnkRS24;vclactnband;dxSpreadSheetRS24;vclFireDAC;dxDockingRS24;tethering;dxSkinVisualStudio2013BlueRS24;dxPScxTLLnkRS24;dxBarExtItemsRS24;FireDACADSDriver;dxFireDACServerModeRS24;dxPSTeeChartRS24;dxSkinOffice2007BlackRS24;FireDACMSSQLDriver;vcltouch;vcldb;Intraweb;dxSkinXmas2008BlueRS24;dxSkinscxSchedulerPainterRS24;dxSkinsdxBarPainterRS24;dxSkinOffice2010BlackRS24;dxADOServerModeRS24;dxGDIPlusRS24;dxPSdxDBTVLnkRS24;vclib;dxSkinLilianRS24;FireDACDBXDriver;tmsexdXE10;ibo5crt_d10_1;dxNavBarRS24;vclx;cxTreeListRS24;dxSkinDevExpressDarkStyleRS24;dxtrmdRS24;RESTBackendComponents;dxRibbonRS24;VCLRESTComponents;cxExportRS24;cxPivotGridChartRS24;cxTreeListdxBarPopupMenuRS24;dxSkinOffice2013LightGrayRS24;dxTabbedMDIRS24;vclie;dxSkinVisualStudio2013LightRS24;bindengine;CloudService;FireDACMySQLDriver;cxPivotGridOLAPRS24;dxSkinSharpRS24;dxSkinBlackRS24;DataSnapClient;dxPSLnksRS24;bindcompdbx;dxSkinCoffeeRS24;DBXSybaseASEDriver;IndyIPServer;dxSkinsdxRibbonPainterRS24;dxCoreRS24;IndySystem;dxSkinOffice2013DarkGrayRS24;dsnapcon;VirtualTreesR;FireDACMSAccDriver;FireDACInfxDriver;fmxFireDAC;vclimg;BCEditor.Delphi.Berlin.Runtime;emshosting;dxBarDBNavRS24;dxSkinDarkSideRS24;dxSkinOffice2013WhiteRS24;DBXOdbcDriver;FireDACTDataDriver;dxPSdxLCLnkRS24;dxPScxExtCommonRS24;dxPScxPivotGridLnkRS24;soaprtl;DbxCommonDriver;ipstudiowinclient;xmlrtl;DataSnapNativeClient;soapmidas;fmxobj;dxSkinMcSkinRS24;rtl;dxLayoutControlRS24;DbxClientDriver;cxGridRS24;DBXSybaseASADriver;dxSkinBlueRS24;dxSpellCheckerRS24;cxLibraryRS24;dxSkinStardustRS24;dxSkinCaramelRS24;ipstudiowin;appanalytics;dxSkinsCoreRS24;dxDBXServerModeRS24;dxMapControlRS24;IndyIPClient;dxSkinHighContrastRS24;ibo5trt_d10_1;bindcompvcl;dxPSdxMapControlLnkRS24;dxSkinTheAsphaltWorldRS24;cxPageControlRS24;dxPsPrVwAdvRS24;cxEditorsRS24;dxSkinSevenClassicRS24;VclSmp;cxSchedulerRibbonStyleEventEditorRS24;FireDACODBCDriver;ibo5wrt_d10_1;dxSkinPumpkinRS24;DataSnapIndy10ServerTransport;dxSkinscxPCPainterRS24;dxPSPrVwRibbonRS24;DataSnapProviderClient;FireDACMongoDBDriver;dxSkinSevenRS24;dxdborRS24;dxmdsRS24;DataSnapServerMidas;RESTComponents;cxSchedulerGridRS24;dxHttpIndyRequestRS24;cxPivotGridRS24;DBXInterBaseDriver;emsclientfiredac;DataSnapFireDAC;dxdbtrRS24;dxSkinMetropolisRS24;dxSkinMoneyTwinsRS24;dxPScxPCProdRS24;DBXMSSQLDriver;DatasnapConnectorsFreePascal;dxWizardControlRS24;bindcompfmx;dxPSdxOCLnkRS24;dxBarExtDBItemsRS24;DBXOracleDriver;dxPSdxFCLnkRS24;inetdb;cxSchedulerTreeBrowserRS24;dxSkinOffice2016ColorfulRS24;ibo5ftsrt_d10_1;ibo5admrt_d10_1;emsedge;AbbreviaVCLD;FireDACIBDriver;fmx;fmxdae;dxSkinSpringTimeRS24;dxSkinValentineRS24;dxSkinLondonLiquidSkyRS24;dxSkinWhiteprintRS24;ibo5frt_d10_1;dbexpress;IndyCore;dxSkiniMaginaryRS24;dxTileControlRS24;dxSkinOffice2016DarkRS24;dsnap;DataSnapCommon;emsclient;cxDataRS24;FireDACCommon;dxSkinOffice2007PinkRS24;dxPSdxSpreadSheetLnkRS24;DataSnapConnectors;ibo5wxrt_d10_1;dxSkinDevExpressStyleRS24;soapserver;ibo5art_d10_1;dxBarRS24;dxSkinMetropolisDarkRS24;FireDACOracleDriver;DBXMySQLDriver;dxPSRichEditControlLnkRS24;DBXFirebirdDriver;dxPScxCommonRS24;FireDACCommonODBC;FireDACCommonDriver;inet;IndyIPCommon;dxSkinVS2010RS24;ibo5xrt_d10_1;vcl;dxSkinSharpPlusRS24;dxPSdxDBOCLnkRS24;FireDACDb2Driver;dxThemeRS24;dxSkinOffice2007GreenRS24;ibo5rplrt_d10_1;TeeDB;FireDAC;dxPScxGridLnkRS24;dxPScxVGridLnkRS24;G115FR240;ibo5vrt_d10_1;FireDACSqliteDriver;FireDACPgDriver;ibmonitor;FireDACASADriver;dxSkinOffice2010BlueRS24;dxServerModeRS24;ibxpress;Tee;DataSnapServer;ibxbindings;cxSchedulerRS24;FireDACDSDriver;vclwinx;dxSkinsdxDLPainterRS24;dxPSCoreRS24;dxSkinOffice2007BlueRS24;BCComponents.Delphi.Berlin.Runtime;G115_R240;CustomIPTransport;vcldsnap;dxSkinGlassOceansRS24;dxRibbonCustomizationFormRS24;dxPScxSchedulerLnkRS24;dxSkinSummer2008RS24;dxSkinDarkRoomRS24;bindcomp;dxSkinFoggyRS24;fgx;DBXInformixDriver;dxorgcRS24;dxSkinOffice2010SilverRS24;officeXPrt;dxRichEditControlRS24;dxSkinsdxNavBarPainterRS24;dbxcds;adortl;dxSkinSilverRS24;dxSkinVisualStudio2013DarkRS24;dxComnRS24;cxVerticalGridRS24;dxFlowChartRS24;dsnapxml;dbrtl;IndyProtocols;inetdbxpress;dxGaugeControlRS24;dxSkinOffice2007SilverRS24;dxSkinLiquidSkyRS24;tmsdXE10;fmxase;$(DCC_UsePackage)</DCC_UsePackage>
        <UWP_DelphiLogo44>$(BDS)\bin\Artwork\Windows\UWP\delphi_UwpDefault_44.png</UWP_DelphiLogo44>
        <UWP_DelphiLogo150>$(BDS)\bin\Artwork\Windows\UWP\delphi_UwpDefault_150.png</UWP_DelphiLogo150>
        <DCC_ConsoleTarget>true</DCC_ConsoleTarget>
    </PropertyGroup>
    <PropertyGroup Condition="'$(Cfg_1)'!=''">
        <DCC_Define>DEBUG;$(DCC_Define)</DCC_Define>
        <DCC_DebugDCUs>true</DCC_DebugDCUs>
        <DCC_Optimize>false</DCC_Optimize>
        <DCC_GenerateStackFrames>true</DCC_GenerateStackFrames>
        <DCC_DebugInfoInExe>true</DCC_DebugInfoInExe>
        <DCC_RemoteDebug>true</DCC_RemoteDebug>
    </PropertyGroup>
    <PropertyGroup Condition="'$(Cfg_1_Win32)'!=''">
        <DCC_RemoteDebug>false</DCC_RemoteDebug>
    </PropertyGroup>
    <PropertyGroup Condition="'$(Cfg_2)'!=''">
        <DCC_LocalDebugSymbols>false</DCC_LocalDebugSymbols>
        <DCC_Define>RELEASE;$(DCC_Define)</DCC_Define>
        <DCC_SymbolReferenceInfo>0</DCC_SymbolReferenceInfo>
        <DCC_DebugInformation>0</DCC_DebugInformation>
    </PropertyGroup>
    <ItemGroup>
        <DelphiCompile Include="$(MainSource)">
            <MainSource>MainSource</MainSource>
        </DelphiCompile>
        <DCCReference Include="AwSysUtils.pas"/>
        <BuildConfiguration Include="Release">
            <Key>Cfg_2</Key>
            <CfgParent>Base</CfgParent>
        </BuildConfiguration>
        <BuildConfiguration Include="Base">
            <Key>Base</Key>
        </BuildConfiguration>
        <BuildConfiguration Include="Debug">
            <Key>Cfg_1</Key>
            <CfgParent>Base</CfgParent>
        </BuildConfiguration>
    </ItemGroup>
    <ProjectExtensions>
        <Borland.Personality>Delphi.Personality.12</Borland.Personality>
        <Borland.ProjectType>Application</Borland.ProjectType>
        <BorlandProject>
            <Delphi.Personality>
                <Source>
                    <Source Name="MainSource">AwZip.dpr</Source>
                </Source>
            </Delphi.Personality>
            <Deployment Version="3">
                <DeployFile LocalName="$(BDS)\Redist\osx32\libcgunwind.1.0.dylib" Class="DependencyModule">
                    <Platform Name="OSX32">
                        <Overwrite>true</Overwrite>
                    </Platform>
                </DeployFile>
                <DeployFile LocalName="$(BDS)\Redist\iossimulator\libcgunwind.1.0.dylib" Class="DependencyModule">
                    <Platform Name="iOSSimulator">
                        <Overwrite>true</Overwrite>
                    </Platform>
                </DeployFile>
                <DeployFile LocalName="$(BDS)\Redist\iossimulator\libPCRE.dylib" Class="DependencyModule">
                    <Platform Name="iOSSimulator">
                        <Overwrite>true</Overwrite>
                    </Platform>
                </DeployFile>
                <DeployFile LocalName="$(BDS)\Redist\osx32\libcgsqlite3.dylib" Class="DependencyModule">
                    <Platform Name="OSX32">
                        <Overwrite>true</Overwrite>
                    </Platform>
                </DeployFile>
                <DeployFile LocalName="Win32\Debug\AwZip.exe" Configuration="Debug" Class="ProjectOutput">
                    <Platform Name="Win32">
                        <RemoteName>AwZip.exe</RemoteName>
                        <Overwrite>true</Overwrite>
                    </Platform>
                </DeployFile>
                <DeployFile LocalName="Win32\Release\AwZip.exe" Configuration="Release" Class="ProjectOutput">
                    <Platform Name="Win32">
                        <RemoteName>AwZip.exe</RemoteName>
                        <Overwrite>true</Overwrite>
                    </Platform>
                </DeployFile>
                <DeployClass Name="DependencyModule">
                    <Platform Name="Win32">
                        <Operation>0</Operation>
                        <Extensions>.dll;.bpl</Extensions>
                    </Platform>
                    <Platform Name="iOSDevice64">
                        <Operation>1</Operation>
                        <Extensions>.dylib</Extensions>
                    </Platform>
                    <Platform Name="OSX32">
                        <RemoteDir>Contents\MacOS</RemoteDir>
                        <Operation>1</Operation>
                        <Extensions>.dylib</Extensions>
                    </Platform>
                    <Platform Name="iOSDevice32">
                        <Operation>1</Operation>
                        <Extensions>.dylib</Extensions>
                    </Platform>
                    <Platform Name="iOSSimulator">
                        <Operation>1</Operation>
                        <Extensions>.dylib</Extensions>
                    </Platform>
                </DeployClass>
                <DeployClass Name="ProjectOSXResource">
                    <Platform Name="OSX32">
                        <RemoteDir>Contents\Resources</RemoteDir>
                        <Operation>1</Operation>
                    </Platform>
                </DeployClass>
                <DeployClass Name="AndroidClassesDexFile">
                    <Platform Name="Android">
                        <RemoteDir>classes</RemoteDir>
                        <Operation>1</Operation>
                    </Platform>
                </DeployClass>
                <DeployClass Name="AdditionalDebugSymbols">
                    <Platform Name="Win32">
                        <RemoteDir>Contents\MacOS</RemoteDir>
                        <Operation>0</Operation>
                    </Platform>
                    <Platform Name="iOSSimulator">
                        <Operation>1</Operation>
                    </Platform>
                    <Platform Name="OSX32">
                        <RemoteDir>Contents\MacOS</RemoteDir>
                        <Operation>1</Operation>
                    </Platform>
                </DeployClass>
                <DeployClass Name="iPad_Launch768">
                    <Platform Name="iOSSimulator">
                        <Operation>1</Operation>
                    </Platform>
                    <Platform Name="iOSDevice64">
                        <Operation>1</Operation>
                    </Platform>
                    <Platform Name="iOSDevice32">
                        <Operation>1</Operation>
                    </Platform>
                </DeployClass>
                <DeployClass Name="Android_LauncherIcon144">
                    <Platform Name="Android">
                        <RemoteDir>res\drawable-xxhdpi</RemoteDir>
                        <Operation>1</Operation>
                    </Platform>
                </DeployClass>
                <DeployClass Name="AndroidLibnativeMipsFile">
                    <Platform Name="Android">
                        <RemoteDir>library\lib\mips</RemoteDir>
                        <Operation>1</Operation>
                    </Platform>
                </DeployClass>
                <DeployClass Required="true" Name="ProjectOutput">
                    <Platform Name="iOSDevice64">
                        <Operation>1</Operation>
                    </Platform>
                    <Platform Name="iOSDevice32">
                        <Operation>1</Operation>
                    </Platform>
                    <Platform Name="Win32">
                        <Operation>0</Operation>
                    </Platform>
                    <Platform Name="Linux64">
                        <Operation>1</Operation>
                    </Platform>
                    <Platform Name="OSX32">
                        <RemoteDir>Contents\MacOS</RemoteDir>
                        <Operation>1</Operation>
                    </Platform>
                    <Platform Name="Android">
                        <RemoteDir>library\lib\armeabi-v7a</RemoteDir>
                        <Operation>1</Operation>
                    </Platform>
                    <Platform Name="iOSSimulator">
                        <Operation>1</Operation>
                    </Platform>
                </DeployClass>
                <DeployClass Name="DependencyFramework">
                    <Platform Name="Win32">
                        <Operation>0</Operation>
                    </Platform>
                    <Platform Name="OSX32">
                        <RemoteDir>Contents\MacOS</RemoteDir>
                        <Operation>1</Operation>
                        <Extensions>.framework</Extensions>
                    </Platform>
                </DeployClass>
                <DeployClass Name="ProjectUWPManifest">
                    <Platform Name="Win32">
                        <Operation>1</Operation>
                    </Platform>
                    <Platform Name="Win64">
                        <Operation>1</Operation>
                    </Platform>
                </DeployClass>
                <DeployClass Name="iPhone_Launch640">
                    <Platform Name="iOSSimulator">
                        <Operation>1</Operation>
                    </Platform>
                    <Platform Name="iOSDevice64">
                        <Operation>1</Operation>
                    </Platform>
                    <Platform Name="iOSDevice32">
                        <Operation>1</Operation>
                    </Platform>
                </DeployClass>
                <DeployClass Name="iPad_Launch1024">
                    <Platform Name="iOSSimulator">
                        <Operation>1</Operation>
                    </Platform>
                    <Platform Name="iOSDevice64">
                        <Operation>1</Operation>
                    </Platform>
                    <Platform Name="iOSDevice32">
                        <Operation>1</Operation>
                    </Platform>
                </DeployClass>
                <DeployClass Name="ProjectiOSDeviceDebug">
                    <Platform Name="iOSDevice64">
                        <RemoteDir>..\$(PROJECTNAME).app.dSYM\Contents\Resources\DWARF</RemoteDir>
                        <Operation>1</Operation>
                    </Platform>
                    <Platform Name="iOSDevice32">
                        <RemoteDir>..\$(PROJECTNAME).app.dSYM\Contents\Resources\DWARF</RemoteDir>
                        <Operation>1</Operation>
                    </Platform>
                </DeployClass>
                <DeployClass Name="iPhone_Launch320">
                    <Platform Name="iOSSimulator">
                        <Operation>1</Operation>
                    </Platform>
                    <Platform Name="iOSDevice64">
                        <Operation>1</Operation>
                    </Platform>
                    <Platform Name="iOSDevice32">
                        <Operation>1</Operation>
                    </Platform>
                </DeployClass>
                <DeployClass Name="ProjectiOSInfoPList">
                    <Platform Name="iOSSimulator">
                        <Operation>1</Operation>
                    </Platform>
                    <Platform Name="iOSDevice64">
                        <Operation>1</Operation>
                    </Platform>
                    <Platform Name="iOSDevice32">
                        <Operation>1</Operation>
                    </Platform>
                </DeployClass>
                <DeployClass Name="AndroidLibnativeArmeabiFile">
                    <Platform Name="Android">
                        <RemoteDir>library\lib\armeabi</RemoteDir>
                        <Operation>1</Operation>
                    </Platform>
                </DeployClass>
                <DeployClass Name="DebugSymbols">
                    <Platform Name="Win32">
                        <Operation>0</Operation>
                    </Platform>
                    <Platform Name="iOSSimulator">
                        <Operation>1</Operation>
                    </Platform>
                    <Platform Name="OSX32">
                        <RemoteDir>Contents\MacOS</RemoteDir>
                        <Operation>1</Operation>
                    </Platform>
                </DeployClass>
                <DeployClass Name="iPad_Launch1536">
                    <Platform Name="iOSSimulator">
                        <Operation>1</Operation>
                    </Platform>
                    <Platform Name="iOSDevice64">
                        <Operation>1</Operation>
                    </Platform>
                    <Platform Name="iOSDevice32">
                        <Operation>1</Operation>
                    </Platform>
                </DeployClass>
                <DeployClass Name="Android_SplashImage470">
                    <Platform Name="Android">
                        <RemoteDir>res\drawable-normal</RemoteDir>
                        <Operation>1</Operation>
                    </Platform>
                </DeployClass>
                <DeployClass Name="Android_LauncherIcon96">
                    <Platform Name="Android">
                        <RemoteDir>res\drawable-xhdpi</RemoteDir>
                        <Operation>1</Operation>
                    </Platform>
                </DeployClass>
                <DeployClass Name="Android_SplashImage640">
                    <Platform Name="Android">
                        <RemoteDir>res\drawable-large</RemoteDir>
                        <Operation>1</Operation>
                    </Platform>
                </DeployClass>
                <DeployClass Name="iPhone_Launch640x1136">
                    <Platform Name="iOSSimulator">
                        <Operation>1</Operation>
                    </Platform>
                    <Platform Name="iOSDevice64">
                        <Operation>1</Operation>
                    </Platform>
                    <Platform Name="iOSDevice32">
                        <Operation>1</Operation>
                    </Platform>
                </DeployClass>
                <DeployClass Name="UWP_DelphiLogo44">
                    <Platform Name="Win32">
                        <RemoteDir>Assets</RemoteDir>
                        <Operation>1</Operation>
                    </Platform>
                    <Platform Name="Win64">
                        <RemoteDir>Assets</RemoteDir>
                        <Operation>1</Operation>
                    </Platform>
                </DeployClass>
                <DeployClass Name="ProjectiOSEntitlements">
                    <Platform Name="iOSDevice64">
                        <RemoteDir>..\</RemoteDir>
                        <Operation>1</Operation>
                    </Platform>
                    <Platform Name="iOSDevice32">
                        <RemoteDir>..\</RemoteDir>
                        <Operation>1</Operation>
                    </Platform>
                </DeployClass>
                <DeployClass Name="Android_LauncherIcon72">
                    <Platform Name="Android">
                        <RemoteDir>res\drawable-hdpi</RemoteDir>
                        <Operation>1</Operation>
                    </Platform>
                </DeployClass>
                <DeployClass Name="AndroidGDBServer">
                    <Platform Name="Android">
                        <RemoteDir>library\lib\armeabi-v7a</RemoteDir>
                        <Operation>1</Operation>
                    </Platform>
                </DeployClass>
                <DeployClass Name="ProjectOSXInfoPList">
                    <Platform Name="OSX32">
                        <RemoteDir>Contents</RemoteDir>
                        <Operation>1</Operation>
                    </Platform>
                </DeployClass>
                <DeployClass Name="ProjectOSXEntitlements">
                    <Platform Name="OSX32">
                        <RemoteDir>..\</RemoteDir>
                        <Operation>1</Operation>
                    </Platform>
                </DeployClass>
                <DeployClass Name="UWP_DelphiLogo150">
                    <Platform Name="Win32">
                        <RemoteDir>Assets</RemoteDir>
                        <Operation>1</Operation>
                    </Platform>
                    <Platform Name="Win64">
                        <RemoteDir>Assets</RemoteDir>
                        <Operation>1</Operation>
                    </Platform>
                </DeployClass>
                <DeployClass Name="iPad_Launch2048">
                    <Platform Name="iOSSimulator">
                        <Operation>1</Operation>
                    </Platform>
                    <Platform Name="iOSDevice64">
                        <Operation>1</Operation>
                    </Platform>
                    <Platform Name="iOSDevice32">
                        <Operation>1</Operation>
                    </Platform>
                </DeployClass>
                <DeployClass Name="AndroidSplashStyles">
                    <Platform Name="Android">
                        <RemoteDir>res\values</RemoteDir>
                        <Operation>1</Operation>
                    </Platform>
                </DeployClass>
                <DeployClass Name="Android_SplashImage426">
                    <Platform Name="Android">
                        <RemoteDir>res\drawable-small</RemoteDir>
                        <Operation>1</Operation>
                    </Platform>
                </DeployClass>
                <DeployClass Name="AndroidSplashImageDef">
                    <Platform Name="Android">
                        <RemoteDir>res\drawable</RemoteDir>
                        <Operation>1</Operation>
                    </Platform>
                </DeployClass>
                <DeployClass Name="ProjectiOSResource">
                    <Platform Name="iOSSimulator">
                        <Operation>1</Operation>
                    </Platform>
                    <Platform Name="iOSDevice64">
                        <Operation>1</Operation>
                    </Platform>
                    <Platform Name="iOSDevice32">
                        <Operation>1</Operation>
                    </Platform>
                </DeployClass>
                <DeployClass Name="ProjectAndroidManifest">
                    <Platform Name="Android">
                        <Operation>1</Operation>
                    </Platform>
                </DeployClass>
                <DeployClass Name="Android_DefaultAppIcon">
                    <Platform Name="Android">
                        <RemoteDir>res\drawable</RemoteDir>
                        <Operation>1</Operation>
                    </Platform>
                </DeployClass>
                <DeployClass Name="File">
                    <Platform Name="Win32">
                        <Operation>0</Operation>
                    </Platform>
                    <Platform Name="iOSDevice64">
                        <Operation>0</Operation>
                    </Platform>
                    <Platform Name="OSX32">
                        <RemoteDir>Contents\Resources\StartUp\</RemoteDir>
                        <Operation>0</Operation>
                    </Platform>
                    <Platform Name="iOSDevice32">
                        <Operation>0</Operation>
                    </Platform>
                    <Platform Name="Android">
                        <Operation>0</Operation>
                    </Platform>
                    <Platform Name="iOSSimulator">
                        <Operation>0</Operation>
                    </Platform>
                </DeployClass>
                <DeployClass Name="AndroidServiceOutput">
                    <Platform Name="Android">
                        <RemoteDir>library\lib\armeabi-v7a</RemoteDir>
                        <Operation>1</Operation>
                    </Platform>
                </DeployClass>
                <DeployClass Required="true" Name="DependencyPackage">
                    <Platform Name="Win32">
                        <Operation>0</Operation>
                        <Extensions>.bpl</Extensions>
                    </Platform>
                    <Platform Name="iOSDevice64">
                        <Operation>1</Operation>
                        <Extensions>.dylib</Extensions>
                    </Platform>
                    <Platform Name="OSX32">
                        <RemoteDir>Contents\MacOS</RemoteDir>
                        <Operation>1</Operation>
                        <Extensions>.dylib</Extensions>
                    </Platform>
                    <Platform Name="iOSDevice32">
                        <Operation>1</Operation>
                        <Extensions>.dylib</Extensions>
                    </Platform>
                    <Platform Name="iOSSimulator">
                        <Operation>1</Operation>
                        <Extensions>.dylib</Extensions>
                    </Platform>
                </DeployClass>
                <DeployClass Name="Android_LauncherIcon48">
                    <Platform Name="Android">
                        <RemoteDir>res\drawable-mdpi</RemoteDir>
                        <Operation>1</Operation>
                    </Platform>
                </DeployClass>
                <DeployClass Name="Android_SplashImage960">
                    <Platform Name="Android">
                        <RemoteDir>res\drawable-xlarge</RemoteDir>
                        <Operation>1</Operation>
                    </Platform>
                </DeployClass>
                <DeployClass Name="Android_LauncherIcon36">
                    <Platform Name="Android">
                        <RemoteDir>res\drawable-ldpi</RemoteDir>
                        <Operation>1</Operation>
                    </Platform>
                </DeployClass>
                <DeployClass Name="ProjectiOSDeviceResourceRules">
                    <Platform Name="iOSDevice64">
                        <Operation>1</Operation>
                    </Platform>
                    <Platform Name="iOSDevice32">
                        <Operation>1</Operation>
                    </Platform>
                </DeployClass>
                <ProjectRoot Platform="iOSDevice64" Name="$(PROJECTNAME).app"/>
                <ProjectRoot Platform="Win64" Name="$(PROJECTNAME)"/>
                <ProjectRoot Platform="iOSDevice32" Name="$(PROJECTNAME).app"/>
                <ProjectRoot Platform="Linux64" Name="$(PROJECTNAME)"/>
                <ProjectRoot Platform="Win32" Name="$(PROJECTNAME)"/>
                <ProjectRoot Platform="OSX32" Name="$(PROJECTNAME).app"/>
                <ProjectRoot Platform="Android" Name="$(PROJECTNAME)"/>
                <ProjectRoot Platform="iOSSimulator" Name="$(PROJECTNAME).app"/>
            </Deployment>
            <Platforms>
                <Platform value="Android">False</Platform>
                <Platform value="Win32">True</Platform>
                <Platform value="Win64">False</Platform>
            </Platforms>
        </BorlandProject>
        <ProjectFileVersion>12</ProjectFileVersion>
    </ProjectExtensions>
    <Import Project="$(BDS)\Bin\CodeGear.Delphi.Targets" Condition="Exists('$(BDS)\Bin\CodeGear.Delphi.Targets')"/>
    <Import Project="$(APPDATA)\Embarcadero\$(BDSAPPDATABASEDIR)\$(PRODUCTVERSION)\UserTools.proj" Condition="Exists('$(APPDATA)\Embarcadero\$(BDSAPPDATABASEDIR)\$(PRODUCTVERSION)\UserTools.proj')"/>
    <Import Project="$(MSBuildProjectName).deployproj" Condition="Exists('$(MSBuildProjectName).deployproj')"/>
</Project>
